dependencies:
- name: lifestyle-service
  repository: file://../../lifestyle-service/deploy/chart
  version: 1.0.0-SNAPSHOT
- name: chat-server
  repository: file://../../chat-server/deploy/chart
  version: 1.0.0-SNAPSHOT
digest: sha256:a93ce865fd52a99ad130eea98dfc5f7b1fbabc0f7e8f38861915ce775cc71062
generated: "2026-05-08T07:02:06.365077612+07:00"
